# This file is autogenerated, do not edit; changes may be undone by the next 'dep ensure'.


[[projects]]
  name = "github.com/aws/aws-lambda-go"
  packages = ["events","lambda","lambda/messages","lambdacontext"]
  revision = "527f5d301d2993af078be6d0b63372786b3fc18f"
  version = "v1.8.2"

[[projects]]
  name = "github.com/sabhiram/go-wol"
  packages = ["."]
  revision = "4fd002b5515afaf46b3fe9a9b24ef8c245944f36"
  version = "1.1.2"

[solve-meta]
  analyzer-name = "dep"
  analyzer-version = 1
  inputs-digest = "d7b965cd710fcba12a287f546c0da5bdb8b74392b1d13a8468498b649242f061"
  solver-name = "gps-cdcl"
  solver-version = 1
